
Microsoft Visual Studio Solution File, Format Version 12.00
# Visual Studio 15
Project("{FAE04EC0-301F-11D3-BF4B-00C04F79EFBC}") = "Assembly-CSharp", "Assembly-CSharp.csproj", "{98048D69-3394-C5AF-186B-35C817F47F9F}"
EndProject
Project("{FAE04EC0-301F-11D3-BF4B-00C04F79EFBC}") = "Assembly-CSharp-firstpass", "Assembly-CSharp-firstpass.csproj", "{BCDFBFE2-49F2-8523-EFAB-1C1044E74F3F}"
EndProject
Project("{FAE04EC0-301F-11D3-BF4B-00C04F79EFBC}") = "Assembly-CSharp-Editor-firstpass", "Assembly-CSharp-Editor-firstpass.csproj", "{D4A57922-F099-90D0-FDCD-7545CFD26A9C}"
EndProject
Project("{FAE04EC0-301F-11D3-BF4B-00C04F79EFBC}") = "Assembly-CSharp-Editor", "Assembly-CSharp-Editor.csproj", "{CF74A907-ECAB-FEF5-C88B-6AF15AF8A936}"
EndProject
Global
	GlobalSection(SolutionConfigurationPlatforms) = preSolution
		Debug|Any CPU = Debug|Any CPU
		Release|Any CPU = Release|Any CPU
	EndGlobalSection
	GlobalSection(ProjectConfigurationPlatforms) = postSolution
		{98048D69-3394-C5AF-186B-35C817F47F9F}.Debug|Any CPU.ActiveCfg = Debug|Any CPU
		{98048D69-3394-C5AF-186B-35C817F47F9F}.Debug|Any CPU.Build.0 = Debug|Any CPU
		{98048D69-3394-C5AF-186B-35C817F47F9F}.Release|Any CPU.ActiveCfg = Release|Any CPU
		{98048D69-3394-C5AF-186B-35C817F47F9F}.Release|Any CPU.Build.0 = Release|Any CPU
		{BCDFBFE2-49F2-8523-EFAB-1C1044E74F3F}.Debug|Any CPU.ActiveCfg = Debug|Any CPU
		{BCDFBFE2-49F2-8523-EFAB-1C1044E74F3F}.Debug|Any CPU.Build.0 = Debug|Any CPU
		{BCDFBFE2-49F2-8523-EFAB-1C1044E74F3F}.Release|Any CPU.ActiveCfg = Release|Any CPU
		{BCDFBFE2-49F2-8523-EFAB-1C1044E74F3F}.Release|Any CPU.Build.0 = Release|Any CPU
		{D4A57922-F099-90D0-FDCD-7545CFD26A9C}.Debug|Any CPU.ActiveCfg = Debug|Any CPU
		{D4A57922-F099-90D0-FDCD-7545CFD26A9C}.Debug|Any CPU.Build.0 = Debug|Any CPU
		{D4A57922-F099-90D0-FDCD-7545CFD26A9C}.Release|Any CPU.ActiveCfg = Release|Any CPU
		{D4A57922-F099-90D0-FDCD-7545CFD26A9C}.Release|Any CPU.Build.0 = Release|Any CPU
		{CF74A907-ECAB-FEF5-C88B-6AF15AF8A936}.Debug|Any CPU.ActiveCfg = Debug|Any CPU
		{CF74A907-ECAB-FEF5-C88B-6AF15AF8A936}.Debug|Any CPU.Build.0 = Debug|Any CPU
		{CF74A907-ECAB-FEF5-C88B-6AF15AF8A936}.Release|Any CPU.ActiveCfg = Release|Any CPU
		{CF74A907-ECAB-FEF5-C88B-6AF15AF8A936}.Release|Any CPU.Build.0 = Release|Any CPU
	EndGlobalSection
	GlobalSection(SolutionProperties) = preSolution
		HideSolutionNode = FALSE
	EndGlobalSection
EndGlobal
